
Microsoft Visual Studio Solution File, Format Version 12.00
# Visual Studio 14
VisualStudioVersion = 14.0.25420.1
MinimumVisualStudioVersion = 10.0.40219.1
Project("{FAE04EC0-301F-11D3-BF4B-00C04F79EFBC}") = "LeilaoWeb", "LeilaoWeb\LeilaoWeb.csproj", "{5D47D0F2-FC41-46D0-8FCD-DF0FB614CBA2}"
EndProject
Project("{FAE04EC0-301F-11D3-BF4B-00C04F79EFBC}") = "LeilaoWebPersistencia", "LeilaoWebPersistencia\LeilaoWebPersistencia.csproj", "{3E52D8DE-DF84-43A2-BECB-2956E0BF4063}"
EndProject
Project("{FAE04EC0-301F-11D3-BF4B-00C04F79EFBC}") = "LeilaoWebNegocio", "LeilaoWebNegocio\LeilaoWebNegocio.csproj", "{8DB032F4-3685-4A63-BA3B-F3029210E147}"
EndProject
Global
	GlobalSection(SolutionConfigurationPlatforms) = preSolution
		Debug|Any CPU = Debug|Any CPU
		Release|Any CPU = Release|Any CPU
	EndGlobalSection
	GlobalSection(ProjectConfigurationPlatforms) = postSolution
		{5D47D0F2-FC41-46D0-8FCD-DF0FB614CBA2}.Debug|Any CPU.ActiveCfg = Debug|Any CPU
		{5D47D0F2-FC41-46D0-8FCD-DF0FB614CBA2}.Debug|Any CPU.Build.0 = Debug|Any CPU
		{5D47D0F2-FC41-46D0-8FCD-DF0FB614CBA2}.Release|Any CPU.ActiveCfg = Release|Any CPU
		{5D47D0F2-FC41-46D0-8FCD-DF0FB614CBA2}.Release|Any CPU.Build.0 = Release|Any CPU
		{3E52D8DE-DF84-43A2-BECB-2956E0BF4063}.Debug|Any CPU.ActiveCfg = Debug|Any CPU
		{3E52D8DE-DF84-43A2-BECB-2956E0BF4063}.Debug|Any CPU.Build.0 = Debug|Any CPU
		{3E52D8DE-DF84-43A2-BECB-2956E0BF4063}.Release|Any CPU.ActiveCfg = Release|Any CPU
		{3E52D8DE-DF84-43A2-BECB-2956E0BF4063}.Release|Any CPU.Build.0 = Release|Any CPU
		{8DB032F4-3685-4A63-BA3B-F3029210E147}.Debug|Any CPU.ActiveCfg = Debug|Any CPU
		{8DB032F4-3685-4A63-BA3B-F3029210E147}.Debug|Any CPU.Build.0 = Debug|Any CPU
		{8DB032F4-3685-4A63-BA3B-F3029210E147}.Release|Any CPU.ActiveCfg = Release|Any CPU
		{8DB032F4-3685-4A63-BA3B-F3029210E147}.Release|Any CPU.Build.0 = Release|Any CPU
	EndGlobalSection
	GlobalSection(SolutionProperties) = preSolution
		HideSolutionNode = FALSE
	EndGlobalSection
EndGlobal
